
Microsoft Visual Studio Solution File, Format Version 12.00
# Visual Studio 2012
Project("{FAE04EC0-301F-11D3-BF4B-00C04F79EFBC}") = "GlobalEventNepal.MVC", "GlobalEventNepal.MVC\GlobalEventNepal.MVC.csproj", "{B6D628BD-2899-4949-BBCF-BB936FCF8806}"
EndProject
Project("{FAE04EC0-301F-11D3-BF4B-00C04F79EFBC}") = "GlobalEventNepal.MVC.Tests", "GlobalEventNepal.MVC.Tests\GlobalEventNepal.MVC.Tests.csproj", "{21C5C90F-A27A-4F03-AD55-4896A8CC3D9E}"
EndProject
Project("{FAE04EC0-301F-11D3-BF4B-00C04F79EFBC}") = "GlobalEventNepal.Domain", "GlobalEventNepal.Domain\GlobalEventNepal.Domain.csproj", "{DC1A27E0-04EF-4C74-8565-3F2E2E3BB6E0}"
EndProject
Project("{FAE04EC0-301F-11D3-BF4B-00C04F79EFBC}") = "GlobalEventNepal.Resource", "GlobalEventNepal.Resource\GlobalEventNepal.Resource.csproj", "{CA677320-ECA4-4577-9EA4-07F663A83CBE}"
EndProject
Global
	GlobalSection(SolutionConfigurationPlatforms) = preSolution
		Debug|Any CPU = Debug|Any CPU
		Release|Any CPU = Release|Any CPU
	EndGlobalSection
	GlobalSection(ProjectConfigurationPlatforms) = postSolution
		{B6D628BD-2899-4949-BBCF-BB936FCF8806}.Debug|Any CPU.ActiveCfg = Debug|Any CPU
		{B6D628BD-2899-4949-BBCF-BB936FCF8806}.Debug|Any CPU.Build.0 = Debug|Any CPU
		{B6D628BD-2899-4949-BBCF-BB936FCF8806}.Release|Any CPU.ActiveCfg = Release|Any CPU
		{B6D628BD-2899-4949-BBCF-BB936FCF8806}.Release|Any CPU.Build.0 = Release|Any CPU
		{21C5C90F-A27A-4F03-AD55-4896A8CC3D9E}.Debug|Any CPU.ActiveCfg = Debug|Any CPU
		{21C5C90F-A27A-4F03-AD55-4896A8CC3D9E}.Debug|Any CPU.Build.0 = Debug|Any CPU
		{21C5C90F-A27A-4F03-AD55-4896A8CC3D9E}.Release|Any CPU.ActiveCfg = Release|Any CPU
		{21C5C90F-A27A-4F03-AD55-4896A8CC3D9E}.Release|Any CPU.Build.0 = Release|Any CPU
		{DC1A27E0-04EF-4C74-8565-3F2E2E3BB6E0}.Debug|Any CPU.ActiveCfg = Debug|Any CPU
		{DC1A27E0-04EF-4C74-8565-3F2E2E3BB6E0}.Debug|Any CPU.Build.0 = Debug|Any CPU
		{DC1A27E0-04EF-4C74-8565-3F2E2E3BB6E0}.Release|Any CPU.ActiveCfg = Release|Any CPU
		{DC1A27E0-04EF-4C74-8565-3F2E2E3BB6E0}.Release|Any CPU.Build.0 = Release|Any CPU
		{CA677320-ECA4-4577-9EA4-07F663A83CBE}.Debug|Any CPU.ActiveCfg = Debug|Any CPU
		{CA677320-ECA4-4577-9EA4-07F663A83CBE}.Debug|Any CPU.Build.0 = Debug|Any CPU
		{CA677320-ECA4-4577-9EA4-07F663A83CBE}.Release|Any CPU.ActiveCfg = Release|Any CPU
		{CA677320-ECA4-4577-9EA4-07F663A83CBE}.Release|Any CPU.Build.0 = Release|Any CPU
	EndGlobalSection
	GlobalSection(SolutionProperties) = preSolution
		HideSolutionNode = FALSE
	EndGlobalSection
EndGlobal
